
Microsoft Visual Studio Solution File, Format Version 12.00
# Visual Studio Version 16
VisualStudioVersion = 16.0.32106.194
MinimumVisualStudioVersion = 10.0.40219.1
Project("{FAE04EC0-301F-11D3-BF4B-00C04F79EFBC}") = "MALAMI", "MALAMI.csproj", "{4FDB47B5-6869-43BF-B911-4AAF2D0E1B88}"
EndProject
Global
	GlobalSection(SolutionConfigurationPlatforms) = preSolution
		Debug|Any CPU = Debug|Any CPU
		Release|Any CPU = Release|Any CPU
	EndGlobalSection
	GlobalSection(ProjectConfigurationPlatforms) = postSolution
		{4FDB47B5-6869-43BF-B911-4AAF2D0E1B88}.Debug|Any CPU.ActiveCfg = Debug|Any CPU
		{4FDB47B5-6869-43BF-B911-4AAF2D0E1B88}.Debug|Any CPU.Build.0 = Debug|Any CPU
		{4FDB47B5-6869-43BF-B911-4AAF2D0E1B88}.Release|Any CPU.ActiveCfg = Release|Any CPU
		{4FDB47B5-6869-43BF-B911-4AAF2D0E1B88}.Release|Any CPU.Build.0 = Release|Any CPU
	EndGlobalSection
	GlobalSection(SolutionProperties) = preSolution
		HideSolutionNode = FALSE
	EndGlobalSection
	GlobalSection(ExtensibilityGlobals) = postSolution
		SolutionGuid = {5A422A27-8933-4B1D-9DF7-F169479A0DDC}
	EndGlobalSection
EndGlobal
